// !$*UTF8*$!
{
	archiveVersion = 1;
	classes = {
	};
	objectVersion = 50;
	objects = {

/* Begin PBXBuildFile section */
		149CA0EB2349866400FAC5F2 /* AppDelegate.swift in Sources */ = {isa = PBXBuildFile; fileRef = 149CA0EA2349866400FAC5F2 /* AppDelegate.swift */; };
		149CA0ED2349866400FAC5F2 /* SceneDelegate.swift in Sources */ = {isa = PBXBuildFile; fileRef = 149CA0EC2349866400FAC5F2 /* SceneDelegate.swift */; };
		149CA0EF2349866400FAC5F2 /* ViewController.swift in Sources */ = {isa = PBXBuildFile; fileRef = 149CA0EE2349866400FAC5F2 /* ViewController.swift */; };
		149CA0F22349866400FAC5F2 /* Main.storyboard in Resources */ = {isa = PBXBuildFile; fileRef = 149CA0F02349866400FAC5F2 /* Main.storyboard */; };
		149CA0F42349866500FAC5F2 /* Assets.xcassets in Resources */ = {isa = PBXBuildFile; fileRef = 149CA0F32349866500FAC5F2 /* Assets.xcassets */; };
		149CA0F72349866500FAC5F2 /* LaunchScreen.storyboard in Resources */ = {isa = PBXBuildFile; fileRef = 149CA0F52349866500FAC5F2 /* LaunchScreen.storyboard */; };
		149CA10123498A0700FAC5F2 /* Cell.swift in Sources */ = {isa = PBXBuildFile; fileRef = 149CA10023498A0700FAC5F2 /* Cell.swift */; };
		149CA10323498B3800FAC5F2 /* Models.swift in Sources */ = {isa = PBXBuildFile; fileRef = 149CA10223498B3800FAC5F2 /* Models.swift */; };
/* End PBXBuildFile section */

/* Begin PBXFileReference section */
		149CA0E72349866400FAC5F2 /* BanHang.app */ = {isa = PBXFileReference; explicitFileType = wrapper.application; includeInIndex = 0; path = BanHang.app; sourceTree = BUILT_PRODUCTS_DIR; };
		149CA0EA2349866400FAC5F2 /* AppDelegate.swift */ = {isa = PBXFileReference; lastKnownFileType = sourcecode.swift; path = AppDelegate.swift; sourceTree = "<group>"; };
		149CA0EC2349866400FAC5F2 /* SceneDelegate.swift */ = {isa = PBXFileReference; lastKnownFileType = sourcecode.swift; path = SceneDelegate.swift; sourceTree = "<group>"; };
		149CA0EE2349866400FAC5F2 /* ViewController.swift */ = {isa = PBXFileReference; lastKnownFileType = sourcecode.swift; path = ViewController.swift; sourceTree = "<group>"; };
		149CA0F12349866400FAC5F2 /* Base */ = {isa = PBXFileReference; lastKnownFileType = file.storyboard; name = Base; path = Base.lproj/Main.storyboard; sourceTree = "<group>"; };
		149CA0F32349866500FAC5F2 /* Assets.xcassets */ = {isa = PBXFileReference; lastKnownFileType = folder.assetcatalog; path = Assets.xcassets; sourceTree = "<group>"; };
		149CA0F62349866500FAC5F2 /* Base */ = {isa = PBXFileReference; lastKnownFileType = file.storyboard; name = Base; path = Base.lproj/LaunchScreen.storyboard; sourceTree = "<group>"; };
		149CA0F82349866500FAC5F2 /* Info.plist */ = {isa = PBXFileReference; lastKnownFileType = text.plist.xml; path = Info.plist; sourceTree = "<group>"; };
		149CA10023498A0700FAC5F2 /* Cell.swift */ = {isa = PBXFileReference; lastKnownFileType = sourcecode.swift; path = Cell.swift; sourceTree = "<group>"; };
		149CA10223498B3800FAC5F2 /* Models.swift */ = {isa = PBXFileReference; lastKnownFileType = sourcecode.swift; path = Models.swift; sourceTree = "<group>"; };
/* End PBXFileReference section */

/* Begin PBXFrameworksBuildPhase section */
		149CA0E42349866400FAC5F2 /* Frameworks */ = {
			isa = PBXFrameworksBuildPhase;
			buildActionMask = 2147483647;
			files = (
			);
			runOnlyForDeploymentPostprocessing = 0;
		};
/* End PBXFrameworksBuildPhase section */

/* Begin PBXGroup section */
		149CA0DE2349866400FAC5F2 = {
			isa = PBXGroup;
			children = (
				149CA0E92349866400FAC5F2 /* BanHang */,
				149CA0E82349866400FAC5F2 /* Products */,
			);
			sourceTree = "<group>";
		};
		149CA0E82349866400FAC5F2 /* Products */ = {
			isa = PBXGroup;
			children = (
				149CA0E72349866400FAC5F2 /* BanHang.app */,
			);
			name = Products;
			sourceTree = "<group>";
		};
		149CA0E92349866400FAC5F2 /* BanHang */ = {
			isa = PBXGroup;
			children = (
				149CA0EA2349866400FAC5F2 /* AppDelegate.swift */,
				149CA0EC2349866400FAC5F2 /* SceneDelegate.swift */,
				149CA0EE2349866400FAC5F2 /* ViewController.swift */,
				149CA0F02349866400FAC5F2 /* Main.storyboard */,
				149CA0F32349866500FAC5F2 /* Assets.xcassets */,
				149CA0F52349866500FAC5F2 /* LaunchScreen.storyboard */,
				149CA0F82349866500FAC5F2 /* Info.plist */,
				149CA10023498A0700FAC5F2 /* Cell.swift */,
				149CA10223498B3800FAC5F2 /* Models.swift */,
			);
			path = BanHang;
			sourceTree = "<group>";
		};
/* End PBXGroup section */

/* Begin PBXNativeTarget section */
		149CA0E62349866400FAC5F2 /* BanHang */ = {
			isa = PBXNativeTarget;
			buildConfigurationList = 149CA0FB2349866500FAC5F2 /* Build configuration list for PBXNativeTarget "BanHang" */;
			buildPhases = (
				149CA0E32349866400FAC5F2 /* Sources */,
				149CA0E42349866400FAC5F2 /* Frameworks */,
				149CA0E52349866400FAC5F2 /* Resources */,
			);
			buildRules = (
			);
			dependencies = (
			);
			name = BanHang;
			productName = BanHang;
			productReference = 149CA0E72349866400FAC5F2 /* BanHang.app */;
			productType = "com.apple.product-type.application";
		};
/* End PBXNativeTarget section */

/* Begin PBXProject section */
		149CA0DF2349866400FAC5F2 /* Project object */ = {
			isa = PBXProject;
			attributes = {
				LastSwiftUpdateCheck = 1100;
				LastUpgradeCheck = 1100;
				ORGANIZATIONNAME = QuanNguyen;
				TargetAttributes = {
					149CA0E62349866400FAC5F2 = {
						CreatedOnToolsVersion = 11.0;
					};
				};
			};
			buildConfigurationList = 149CA0E22349866400FAC5F2 /* Build configuration list for PBXProject "BanHang" */;
			compatibilityVersion = "Xcode 9.3";
			developmentRegion = en;
			hasScannedForEncodings = 0;
			knownRegions = (
				en,
				Base,
			);
			mainGroup = 149CA0DE2349866400FAC5F2;
			productRefGroup = 149CA0E82349866400FAC5F2 /* Products */;
			projectDirPath = "";
			projectRoot = "";
			targets = (
				149CA0E62349866400FAC5F2 /* BanHang */,
			);
		};
/* End PBXProject section */

/* Begin PBXResourcesBuildPhase section */
		149CA0E52349866400FAC5F2 /* Resources */ = {
			isa = PBXResourcesBuildPhase;
			buildActionMask = 2147483647;
			files = (
				149CA0F72349866500FAC5F2 /* LaunchScreen.storyboard in Resources */,
				149CA0F42349866500FAC5F2 /* Assets.xcassets in Resources */,
				149CA0F22349866400FAC5F2 /* Main.storyboard in Resources */,
			);
			runOnlyForDeploymentPostprocessing = 0;
		};
/* End PBXResourcesBuildPhase section */

/* Begin PBXSourcesBuildPhase section */
		149CA0E32349866400FAC5F2 /* Sources */ = {
			isa = PBXSourcesBuildPhase;
			buildActionMask = 2147483647;
			files = (
				149CA0EF2349866400FAC5F2 /* ViewController.swift in Sources */,
				149CA10123498A0700FAC5F2 /* Cell.swift in Sources */,
				149CA0EB2349866400FAC5F2 /* AppDelegate.swift in Sources */,
				149CA0ED2349866400FAC5F2 /* SceneDelegate.swift in Sources */,
				149CA10323498B3800FAC5F2 /* Models.swift in Sources */,
			);
			runOnlyForDeploymentPostprocessing = 0;
		};
/* End PBXSourcesBuildPhase section */

/* Begin PBXVariantGroup section */
		149CA0F02349866400FAC5F2 /* Main.storyboard */ = {
			isa = PBXVariantGroup;
			children = (
				149CA0F12349866400FAC5F2 /* Base */,
			);
			name = Main.storyboard;
			sourceTree = "<group>";
		};
		149CA0F52349866500FAC5F2 /* LaunchScreen.storyboard */ = {
			isa = PBXVariantGroup;
			children = (
				149CA0F62349866500FAC5F2 /* Base */,
			);
			name = LaunchScreen.storyboard;
			sourceTree = "<group>";
		};
/* End PBXVariantGroup section */

/* Begin XCBuildConfiguration section */
		149CA0F92349866500FAC5F2 /* Debug */ = {
			isa = XCBuildConfiguration;
			buildSettings = {
				ALWAYS_SEARCH_USER_PATHS = NO;
				CLANG_ANALYZER_NONNULL = YES;
				CLANG_ANALYZER_NUMBER_OBJECT_CONVERSION = YES_AGGRESSIVE;
				CLANG_CXX_LANGUAGE_STANDARD = "gnu++14";
				CLANG_CXX_LIBRARY = "libc++";
				CLANG_ENABLE_MODULES = YES;
				CLANG_ENABLE_OBJC_ARC = YES;
				CLANG_ENABLE_OBJC_WEAK = YES;
				CLANG_WARN_BLOCK_CAPTURE_AUTORELEASING = YES;
				CLANG_WARN_BOOL_CONVERSION = YES;
				CLANG_WARN_COMMA = YES;
				CLANG_WARN_CONSTANT_CONVERSION = YES;
				CLANG_WARN_DEPRECATED_OBJC_IMPLEMENTATIONS = YES;
				CLANG_WARN_DIRECT_OBJC_ISA_USAGE = YES_ERROR;
				CLANG_WARN_DOCUMENTATION_COMMENTS = YES;
				CLANG_WARN_EMPTY_BODY = YES;
				CLANG_WARN_ENUM_CONVERSION = YES;
				CLANG_WARN_INFINITE_RECURSION = YES;
				CLANG_WARN_INT_CONVERSION = YES;
				CLANG_WARN_NON_LITERAL_NULL_CONVERSION = YES;
				CLANG_WARN_OBJC_IMPLICIT_RETAIN_SELF = YES;
				CLANG_WARN_OBJC_LITERAL_CONVERSION = YES;
				CLANG_WARN_OBJC_ROOT_CLASS = YES_ERROR;
				CLANG_WARN_RANGE_LOOP_ANALYSIS = YES;
				CLANG_WARN_STRICT_PROTOTYPES = YES;
				CLANG_WARN_SUSPICIOUS_MOVE = YES;
				CLANG_WARN_UNGUARDED_AVAILABILITY = YES_AGGRESSIVE;
				CLANG_WARN_UNREACHABLE_CODE = YES;
				CLANG_WARN__DUPLICATE_METHOD_MATCH = YES;
				COPY_PHASE_STRIP = NO;
				DEBUG_INFORMATION_FORMAT = dwarf;
				ENABLE_STRICT_OBJC_MSGSEND = YES;
				ENABLE_TESTABILITY = YES;
				GCC_C_LANGUAGE_STANDARD = gnu11;
				GCC_DYNAMIC_NO_PIC = NO;
				GCC_NO_COMMON_BLOCKS = YES;
				GCC_OPTIMIZATION_LEVEL = 0;
				GCC_PREPROCESSOR_DEFINITIONS = (
					"DEBUG=1",
					"$(inherited)",
				);
				GCC_WARN_64_TO_32_BIT_CONVERSION = YES;
				GCC_WARN_ABOUT_RETURN_TYPE = YES_ERROR;
				GCC_WARN_UNDECLARED_SELECTOR = YES;
				GCC_WARN_UNINITIALIZED_AUTOS = YES_AGGRESSIVE;
				GCC_WARN_UNUSED_FUNCTION = YES;
				GCC_WARN_UNUSED_VARIABLE = YES;
				IPHONEOS_DEPLOYMENT_TARGET = 13.0;
				MTL_ENABLE_DEBUG_INFO = INCLUDE_SOURCE;
				MTL_FAST_MATH = YES;
				ONLY_ACTIVE_ARCH = YES;
				SDKROOT = iphoneos;
				SWIFT_ACTIVE_COMPILATION_CONDITIONS = DEBUG;
				SWIFT_OPTIMIZATION_LEVEL = "-Onone";
			};
			name = Debug;
		};
		149CA0FA2349866500FAC5F2 /* Release */ = {
			isa = XCBuildConfiguration;
			buildSettings = {
				ALWAYS_SEARCH_USER_PATHS = NO;
				CLANG_ANALYZER_NONNULL = YES;
				CLANG_ANALYZER_NUMBER_OBJECT_CONVERSION = YES_AGGRESSIVE;
				CLANG_CXX_LANGUAGE_STANDARD = "gnu++14";
				CLANG_CXX_LIBRARY = "libc++";
				CLANG_ENABLE_MODULES = YES;
				CLANG_ENABLE_OBJC_ARC = YES;
				CLANG_ENABLE_OBJC_WEAK = YES;
				CLANG_WARN_BLOCK_CAPTURE_AUTORELEASING = YES;
				CLANG_WARN_BOOL_CONVERSION = YES;
				CLANG_WARN_COMMA = YES;
				CLANG_WARN_CONSTANT_CONVERSION = YES;
				CLANG_WARN_DEPRECATED_OBJC_IMPLEMENTATIONS = YES;
				CLANG_WARN_DIRECT_OBJC_ISA_USAGE = YES_ERROR;
				CLANG_WARN_DOCUMENTATION_COMMENTS = YES;
				CLANG_WARN_EMPTY_BODY = YES;
				CLANG_WARN_ENUM_CONVERSION = YES;
				CLANG_WARN_INFINITE_RECURSION = YES;
				CLANG_WARN_INT_CONVERSION = YES;
				CLANG_WARN_NON_LITERAL_NULL_CONVERSION = YES;
				CLANG_WARN_OBJC_IMPLICIT_RETAIN_SELF = YES;
				CLANG_WARN_OBJC_LITERAL_CONVERSION = YES;
				CLANG_WARN_OBJC_ROOT_CLASS = YES_ERROR;
				CLANG_WARN_RANGE_LOOP_ANALYSIS = YES;
				CLANG_WARN_STRICT_PROTOTYPES = YES;
				CLANG_WARN_SUSPICIOUS_MOVE = YES;
				CLANG_WARN_UNGUARDED_AVAILABILITY = YES_AGGRESSIVE;
				CLANG_WARN_UNREACHABLE_CODE = YES;
				CLANG_WARN__DUPLICATE_METHOD_MATCH = YES;
				COPY_PHASE_STRIP = NO;
				DEBUG_INFORMATION_FORMAT = "dwarf-with-dsym";
				ENABLE_NS_ASSERTIONS = NO;
				ENABLE_STRICT_OBJC_MSGSEND = YES;
				GCC_C_LANGUAGE_STANDARD = gnu11;
				GCC_NO_COMMON_BLOCKS = YES;
				GCC_WARN_64_TO_32_BIT_CONVERSION = YES;
				GCC_WARN_ABOUT_RETURN_TYPE = YES_ERROR;
				GCC_WARN_UNDECLARED_SELECTOR = YES;
				GCC_WARN_UNINITIALIZED_AUTOS = YES_AGGRESSIVE;
				GCC_WARN_UNUSED_FUNCTION = YES;
				GCC_WARN_UNUSED_VARIABLE = YES;
				IPHONEOS_DEPLOYMENT_TARGET = 13.0;
				MTL_ENABLE_DEBUG_INFO = NO;
				MTL_FAST_MATH = YES;
				SDKROOT = iphoneos;
				SWIFT_COMPILATION_MODE = wholemodule;
				SWIFT_OPTIMIZATION_LEVEL = "-O";
				VALIDATE_PRODUCT = YES;
			};
			name = Release;
		};
		149CA0FC2349866500FAC5F2 /* Debug */ = {
			isa = XCBuildConfiguration;
			buildSettings = {
				ASSETCATALOG_COMPILER_APPICON_NAME = AppIcon;
				CODE_SIGN_STYLE = Automatic;
				INFOPLIST_FILE = BanHang/Info.plist;
				LD_RUNPATH_SEARCH_PATHS = (
					"$(inherited)",
					"@executable_path/Frameworks",
				);
				PRODUCT_BUNDLE_IDENTIFIER = com.mrQ..BanHang;
				PRODUCT_NAME = "$(TARGET_NAME)";
				SWIFT_VERSION = 5.0;
				TARGETED_DEVICE_FAMILY = "1,2";
			};
			name = Debug;
		};
		149CA0FD2349866500FAC5F2 /* Release */ = {
			isa = XCBuildConfiguration;
			buildSettings = {
				ASSETCATALOG_COMPILER_APPICON_NAME = AppIcon;
				CODE_SIGN_STYLE = Automatic;
				INFOPLIST_FILE = BanHang/Info.plist;
				LD_RUNPATH_SEARCH_PATHS = (
					"$(inherited)",
					"@executable_path/Frameworks",
				);
				PRODUCT_BUNDLE_IDENTIFIER = com.mrQ..BanHang;
				PRODUCT_NAME = "$(TARGET_NAME)";
				SWIFT_VERSION = 5.0;
				TARGETED_DEVICE_FAMILY = "1,2";
			};
			name = Release;
		};
/* End XCBuildConfiguration section */

/* Begin XCConfigurationList section */
		149CA0E22349866400FAC5F2 /* Build configuration list for PBXProject "BanHang" */ = {
			isa = XCConfigurationList;
			buildConfigurations = (
				149CA0F92349866500FAC5F2 /* Debug */,
				149CA0FA2349866500FAC5F2 /* Release */,
			);
			defaultConfigurationIsVisible = 0;
			defaultConfigurationName = Release;
		};
		149CA0FB2349866500FAC5F2 /* Build configuration list for PBXNativeTarget "BanHang" */ = {
			isa = XCConfigurationList;
			buildConfigurations = (
				149CA0FC2349866500FAC5F2 /* Debug */,
				149CA0FD2349866500FAC5F2 /* Release */,
			);
			defaultConfigurationIsVisible = 0;
			defaultConfigurationName = Release;
		};
/* End XCConfigurationList section */
	};
	rootObject = 149CA0DF2349866400FAC5F2 /* Project object */;
}
